// !$*UTF8*$!
{
	archiveVersion = 1;
	classes = {
	};
	objectVersion = 46;
	objects = {

/* Begin PBXBuildFile section */
		A304AF50209CE92E00E54AD3 /* AppDelegate.swift in Sources */ = {isa = PBXBuildFile; fileRef = A304AF4F209CE92E00E54AD3 /* AppDelegate.swift */; };
		A304AF54209CE92F00E54AD3 /* Actions.sks in Resources */ = {isa = PBXBuildFile; fileRef = A304AF53209CE92F00E54AD3 /* Actions.sks */; };
		A304AF58209CE92F00E54AD3 /* GameViewController.swift in Sources */ = {isa = PBXBuildFile; fileRef = A304AF57209CE92F00E54AD3 /* GameViewController.swift */; };
		A304AF5B209CE92F00E54AD3 /* Main.storyboard in Resources */ = {isa = PBXBuildFile; fileRef = A304AF59209CE92F00E54AD3 /* Main.storyboard */; };
		A304AF5D209CE92F00E54AD3 /* Images.xcassets in Resources */ = {isa = PBXBuildFile; fileRef = A304AF5C209CE92F00E54AD3 /* Images.xcassets */; };
		A304AF60209CE92F00E54AD3 /* LaunchScreen.storyboard in Resources */ = {isa = PBXBuildFile; fileRef = A304AF5E209CE92F00E54AD3 /* LaunchScreen.storyboard */; };
		A304AFC1209CEBA500E54AD3 /* Backgrounds in Resources */ = {isa = PBXBuildFile; fileRef = A304AFBF209CEBA500E54AD3 /* Backgrounds */; };
		A304AFC2209CEBA500E54AD3 /* Assets.atlas in Resources */ = {isa = PBXBuildFile; fileRef = A304AFC0209CEBA500E54AD3 /* Assets.atlas */; };
		A304AFC3209CF20C00E54AD3 /* GameScene.swift in Sources */ = {isa = PBXBuildFile; fileRef = A304AF55209CE92F00E54AD3 /* GameScene.swift */; };
		A304AFC5209CFA6300E54AD3 /* GameObjectNode.swift in Sources */ = {isa = PBXBuildFile; fileRef = A304AFC4209CFA6300E54AD3 /* GameObjectNode.swift */; };
		A304AFC7209D08CB00E54AD3 /* Level01.plist in Resources */ = {isa = PBXBuildFile; fileRef = A304AFC6209D08CB00E54AD3 /* Level01.plist */; };
		A304AFC9209D119500E54AD3 /* GameState.swift in Sources */ = {isa = PBXBuildFile; fileRef = A304AFC8209D119500E54AD3 /* GameState.swift */; };
		A304AFCB209D190E00E54AD3 /* EndGameScene.swift in Sources */ = {isa = PBXBuildFile; fileRef = A304AFCA209D190E00E54AD3 /* EndGameScene.swift */; };
		A304AFCF209E122500E54AD3 /* dog.png in Resources */ = {isa = PBXBuildFile; fileRef = A304AFCE209E122500E54AD3 /* dog.png */; };
		A304AFD2209E16DA00E54AD3 /* Ball.png in Resources */ = {isa = PBXBuildFile; fileRef = A304AFD0209E16DA00E54AD3 /* Ball.png */; };
		A304AFD3209E16DA00E54AD3 /* BallSpecial.png in Resources */ = {isa = PBXBuildFile; fileRef = A304AFD1209E16DA00E54AD3 /* BallSpecial.png */; };
		A32BB268209E4D5600ECF48D /* bear.png in Resources */ = {isa = PBXBuildFile; fileRef = A32BB24B209E4D5600ECF48D /* bear.png */; };
		A32BB269209E4D5600ECF48D /* buffalo.png in Resources */ = {isa = PBXBuildFile; fileRef = A32BB24C209E4D5600ECF48D /* buffalo.png */; };
		A32BB26A209E4D5600ECF48D /* chick.png in Resources */ = {isa = PBXBuildFile; fileRef = A32BB24D209E4D5600ECF48D /* chick.png */; };
		A32BB26B209E4D5600ECF48D /* chicken.png in Resources */ = {isa = PBXBuildFile; fileRef = A32BB24E209E4D5600ECF48D /* chicken.png */; };
		A32BB26C209E4D5600ECF48D /* cow.png in Resources */ = {isa = PBXBuildFile; fileRef = A32BB24F209E4D5600ECF48D /* cow.png */; };
		A32BB26D209E4D5600ECF48D /* crocodile.png in Resources */ = {isa = PBXBuildFile; fileRef = A32BB250209E4D5600ECF48D /* crocodile.png */; };
		A32BB26E209E4D5600ECF48D /* duck.png in Resources */ = {isa = PBXBuildFile; fileRef = A32BB251209E4D5600ECF48D /* duck.png */; };
		A32BB26F209E4D5600ECF48D /* elephant.png in Resources */ = {isa = PBXBuildFile; fileRef = A32BB252209E4D5600ECF48D /* elephant.png */; };
		A32BB270209E4D5600ECF48D /* frog.png in Resources */ = {isa = PBXBuildFile; fileRef = A32BB253209E4D5600ECF48D /* frog.png */; };
		A32BB271209E4D5600ECF48D /* giraffe.png in Resources */ = {isa = PBXBuildFile; fileRef = A32BB254209E4D5600ECF48D /* giraffe.png */; };
		A32BB272209E4D5600ECF48D /* goat.png in Resources */ = {isa = PBXBuildFile; fileRef = A32BB255209E4D5600ECF48D /* goat.png */; };
		A32BB273209E4D5600ECF48D /* gorilla.png in Resources */ = {isa = PBXBuildFile; fileRef = A32BB256209E4D5600ECF48D /* gorilla.png */; };
		A32BB274209E4D5600ECF48D /* hippo.png in Resources */ = {isa = PBXBuildFile; fileRef = A32BB257209E4D5600ECF48D /* hippo.png */; };
		A32BB275209E4D5600ECF48D /* horse.png in Resources */ = {isa = PBXBuildFile; fileRef = A32BB258209E4D5600ECF48D /* horse.png */; };
		A32BB276209E4D5600ECF48D /* monkey.png in Resources */ = {isa = PBXBuildFile; fileRef = A32BB259209E4D5600ECF48D /* monkey.png */; };
		A32BB277209E4D5600ECF48D /* moose.png in Resources */ = {isa = PBXBuildFile; fileRef = A32BB25A209E4D5600ECF48D /* moose.png */; };
		A32BB278209E4D5600ECF48D /* narwhal.png in Resources */ = {isa = PBXBuildFile; fileRef = A32BB25B209E4D5600ECF48D /* narwhal.png */; };
		A32BB279209E4D5600ECF48D /* owl.png in Resources */ = {isa = PBXBuildFile; fileRef = A32BB25C209E4D5600ECF48D /* owl.png */; };
		A32BB27A209E4D5600ECF48D /* panda.png in Resources */ = {isa = PBXBuildFile; fileRef = A32BB25D209E4D5600ECF48D /* panda.png */; };
		A32BB27B209E4D5600ECF48D /* parrot.png in Resources */ = {isa = PBXBuildFile; fileRef = A32BB25E209E4D5600ECF48D /* parrot.png */; };
		A32BB27C209E4D5600ECF48D /* penguin.png in Resources */ = {isa = PBXBuildFile; fileRef = A32BB25F209E4D5600ECF48D /* penguin.png */; };
		A32BB27D209E4D5600ECF48D /* pig.png in Resources */ = {isa = PBXBuildFile; fileRef = A32BB260209E4D5600ECF48D /* pig.png */; };
		A32BB27E209E4D5600ECF48D /* rabbit.png in Resources */ = {isa = PBXBuildFile; fileRef = A32BB261209E4D5600ECF48D /* rabbit.png */; };
		A32BB27F209E4D5600ECF48D /* rhino.png in Resources */ = {isa = PBXBuildFile; fileRef = A32BB262209E4D5600ECF48D /* rhino.png */; };
		A32BB280209E4D5600ECF48D /* sloth.png in Resources */ = {isa = PBXBuildFile; fileRef = A32BB263209E4D5600ECF48D /* sloth.png */; };
		A32BB281209E4D5600ECF48D /* snake.png in Resources */ = {isa = PBXBuildFile; fileRef = A32BB264209E4D5600ECF48D /* snake.png */; };
		A32BB282209E4D5600ECF48D /* walrus.png in Resources */ = {isa = PBXBuildFile; fileRef = A32BB265209E4D5600ECF48D /* walrus.png */; };
		A32BB283209E4D5600ECF48D /* whale.png in Resources */ = {isa = PBXBuildFile; fileRef = A32BB266209E4D5600ECF48D /* whale.png */; };
		A32BB284209E4D5600ECF48D /* zebra.png in Resources */ = {isa = PBXBuildFile; fileRef = A32BB267209E4D5600ECF48D /* zebra.png */; };
		A32BB292209E6E3F00ECF48D /* ground_cake_broken.png in Resources */ = {isa = PBXBuildFile; fileRef = A32BB286209E6E3F00ECF48D /* ground_cake_broken.png */; };
		A32BB293209E6E3F00ECF48D /* ground_cake.png in Resources */ = {isa = PBXBuildFile; fileRef = A32BB287209E6E3F00ECF48D /* ground_cake.png */; };
		A32BB294209E6E3F00ECF48D /* ground_grass_broken.png in Resources */ = {isa = PBXBuildFile; fileRef = A32BB288209E6E3F00ECF48D /* ground_grass_broken.png */; };
		A32BB295209E6E3F00ECF48D /* ground_grass.png in Resources */ = {isa = PBXBuildFile; fileRef = A32BB289209E6E3F00ECF48D /* ground_grass.png */; };
		A32BB296209E6E3F00ECF48D /* ground_sand_broken.png in Resources */ = {isa = PBXBuildFile; fileRef = A32BB28A209E6E3F00ECF48D /* ground_sand_broken.png */; };
		A32BB297209E6E3F00ECF48D /* ground_sand.png in Resources */ = {isa = PBXBuildFile; fileRef = A32BB28B209E6E3F00ECF48D /* ground_sand.png */; };
		A32BB298209E6E3F00ECF48D /* ground_snow_broken.png in Resources */ = {isa = PBXBuildFile; fileRef = A32BB28C209E6E3F00ECF48D /* ground_snow_broken.png */; };
		A32BB299209E6E3F00ECF48D /* ground_snow.png in Resources */ = {isa = PBXBuildFile; fileRef = A32BB28D209E6E3F00ECF48D /* ground_snow.png */; };
		A32BB29A209E6E3F00ECF48D /* ground_stone_broken.png in Resources */ = {isa = PBXBuildFile; fileRef = A32BB28E209E6E3F00ECF48D /* ground_stone_broken.png */; };
		A32BB29B209E6E3F00ECF48D /* ground_stone.png in Resources */ = {isa = PBXBuildFile; fileRef = A32BB28F209E6E3F00ECF48D /* ground_stone.png */; };
		A32BB29C209E6E3F00ECF48D /* ground_wood_broken.png in Resources */ = {isa = PBXBuildFile; fileRef = A32BB290209E6E3F00ECF48D /* ground_wood_broken.png */; };
		A32BB29D209E6E3F00ECF48D /* ground_wood.png in Resources */ = {isa = PBXBuildFile; fileRef = A32BB291209E6E3F00ECF48D /* ground_wood.png */; };
		A32BB29F209E7F3A00ECF48D /* bg.png in Resources */ = {isa = PBXBuildFile; fileRef = A32BB29E209E7F3A00ECF48D /* bg.png */; };
		A32BB2A1209E84A100ECF48D /* cactus.png in Resources */ = {isa = PBXBuildFile; fileRef = A32BB2A0209E84A100ECF48D /* cactus.png */; };
		A32BB2A3209E853D00ECF48D /* grass.png in Resources */ = {isa = PBXBuildFile; fileRef = A32BB2A2209E853D00ECF48D /* grass.png */; };
		A32BB2A5209E856000ECF48D /* grass_brown.png in Resources */ = {isa = PBXBuildFile; fileRef = A32BB2A4209E856000ECF48D /* grass_brown.png */; };
		A32BB2A7209E857F00ECF48D /* spike.png in Resources */ = {isa = PBXBuildFile; fileRef = A32BB2A6209E857F00ECF48D /* spike.png */; };
/* End PBXBuildFile section */

/* Begin PBXFileReference section */
		A304AF4C209CE92E00E54AD3 /* BouncyBoye.app */ = {isa = PBXFileReference; explicitFileType = wrapper.application; includeInIndex = 0; path = BouncyBoye.app; sourceTree = BUILT_PRODUCTS_DIR; };
		A304AF4F209CE92E00E54AD3 /* AppDelegate.swift */ = {isa = PBXFileReference; lastKnownFileType = sourcecode.swift; path = AppDelegate.swift; sourceTree = "<group>"; };
		A304AF53209CE92F00E54AD3 /* Actions.sks */ = {isa = PBXFileReference; lastKnownFileType = file.sks; path = Actions.sks; sourceTree = "<group>"; };
		A304AF55209CE92F00E54AD3 /* GameScene.swift */ = {isa = PBXFileReference; lastKnownFileType = sourcecode.swift; path = GameScene.swift; sourceTree = "<group>"; };
		A304AF57209CE92F00E54AD3 /* GameViewController.swift */ = {isa = PBXFileReference; lastKnownFileType = sourcecode.swift; path = GameViewController.swift; sourceTree = "<group>"; };
		A304AF5A209CE92F00E54AD3 /* Base */ = {isa = PBXFileReference; lastKnownFileType = file.storyboard; name = Base; path = Base.lproj/Main.storyboard; sourceTree = "<group>"; };
		A304AF5C209CE92F00E54AD3 /* Images.xcassets */ = {isa = PBXFileReference; lastKnownFileType = folder.assetcatalog; path = Images.xcassets; sourceTree = "<group>"; };
		A304AF5F209CE92F00E54AD3 /* Base */ = {isa = PBXFileReference; lastKnownFileType = file.storyboard; name = Base; path = Base.lproj/LaunchScreen.storyboard; sourceTree = "<group>"; };
		A304AF61209CE92F00E54AD3 /* Info.plist */ = {isa = PBXFileReference; lastKnownFileType = text.plist.xml; path = Info.plist; sourceTree = "<group>"; };
		A304AFBF209CEBA500E54AD3 /* Backgrounds */ = {isa = PBXFileReference; lastKnownFileType = folder; path = Backgrounds; sourceTree = "<group>"; };
		A304AFC0209CEBA500E54AD3 /* Assets.atlas */ = {isa = PBXFileReference; lastKnownFileType = folder.skatlas; path = Assets.atlas; sourceTree = "<group>"; };
		A304AFC4209CFA6300E54AD3 /* GameObjectNode.swift */ = {isa = PBXFileReference; fileEncoding = 4; lastKnownFileType = sourcecode.swift; path = GameObjectNode.swift; sourceTree = "<group>"; };
		A304AFC6209D08CB00E54AD3 /* Level01.plist */ = {isa = PBXFileReference; fileEncoding = 4; lastKnownFileType = text.plist.xml; path = Level01.plist; sourceTree = "<group>"; };
		A304AFC8209D119500E54AD3 /* GameState.swift */ = {isa = PBXFileReference; fileEncoding = 4; lastKnownFileType = sourcecode.swift; path = GameState.swift; sourceTree = "<group>"; };
		A304AFCA209D190E00E54AD3 /* EndGameScene.swift */ = {isa = PBXFileReference; fileEncoding = 4; lastKnownFileType = sourcecode.swift; path = EndGameScene.swift; sourceTree = "<group>"; };
		A304AFCE209E122500E54AD3 /* dog.png */ = {isa = PBXFileReference; lastKnownFileType = image.png; path = dog.png; sourceTree = "<group>"; };
		A304AFD0209E16DA00E54AD3 /* Ball.png */ = {isa = PBXFileReference; lastKnownFileType = image.png; path = Ball.png; sourceTree = "<group>"; };
		A304AFD1209E16DA00E54AD3 /* BallSpecial.png */ = {isa = PBXFileReference; lastKnownFileType = image.png; path = BallSpecial.png; sourceTree = "<group>"; };
		A32BB24B209E4D5600ECF48D /* bear.png */ = {isa = PBXFileReference; lastKnownFileType = image.png; path = bear.png; sourceTree = "<group>"; };
		A32BB24C209E4D5600ECF48D /* buffalo.png */ = {isa = PBXFileReference; lastKnownFileType = image.png; path = buffalo.png; sourceTree = "<group>"; };
		A32BB24D209E4D5600ECF48D /* chick.png */ = {isa = PBXFileReference; lastKnownFileType = image.png; path = chick.png; sourceTree = "<group>"; };
		A32BB24E209E4D5600ECF48D /* chicken.png */ = {isa = PBXFileReference; lastKnownFileType = image.png; path = chicken.png; sourceTree = "<group>"; };
		A32BB24F209E4D5600ECF48D /* cow.png */ = {isa = PBXFileReference; lastKnownFileType = image.png; path = cow.png; sourceTree = "<group>"; };
		A32BB250209E4D5600ECF48D /* crocodile.png */ = {isa = PBXFileReference; lastKnownFileType = image.png; path = crocodile.png; sourceTree = "<group>"; };
		A32BB251209E4D5600ECF48D /* duck.png */ = {isa = PBXFileReference; lastKnownFileType = image.png; path = duck.png; sourceTree = "<group>"; };
		A32BB252209E4D5600ECF48D /* elephant.png */ = {isa = PBXFileReference; lastKnownFileType = image.png; path = elephant.png; sourceTree = "<group>"; };
		A32BB253209E4D5600ECF48D /* frog.png */ = {isa = PBXFileReference; lastKnownFileType = image.png; path = frog.png; sourceTree = "<group>"; };
		A32BB254209E4D5600ECF48D /* giraffe.png */ = {isa = PBXFileReference; lastKnownFileType = image.png; path = giraffe.png; sourceTree = "<group>"; };
		A32BB255209E4D5600ECF48D /* goat.png */ = {isa = PBXFileReference; lastKnownFileType = image.png; path = goat.png; sourceTree = "<group>"; };
		A32BB256209E4D5600ECF48D /* gorilla.png */ = {isa = PBXFileReference; lastKnownFileType = image.png; path = gorilla.png; sourceTree = "<group>"; };
		A32BB257209E4D5600ECF48D /* hippo.png */ = {isa = PBXFileReference; lastKnownFileType = image.png; path = hippo.png; sourceTree = "<group>"; };
		A32BB258209E4D5600ECF48D /* horse.png */ = {isa = PBXFileReference; lastKnownFileType = image.png; path = horse.png; sourceTree = "<group>"; };
		A32BB259209E4D5600ECF48D /* monkey.png */ = {isa = PBXFileReference; lastKnownFileType = image.png; path = monkey.png; sourceTree = "<group>"; };
		A32BB25A209E4D5600ECF48D /* moose.png */ = {isa = PBXFileReference; lastKnownFileType = image.png; path = moose.png; sourceTree = "<group>"; };
		A32BB25B209E4D5600ECF48D /* narwhal.png */ = {isa = PBXFileReference; lastKnownFileType = image.png; path = narwhal.png; sourceTree = "<group>"; };
		A32BB25C209E4D5600ECF48D /* owl.png */ = {isa = PBXFileReference; lastKnownFileType = image.png; path = owl.png; sourceTree = "<group>"; };
		A32BB25D209E4D5600ECF48D /* panda.png */ = {isa = PBXFileReference; lastKnownFileType = image.png; path = panda.png; sourceTree = "<group>"; };
		A32BB25E209E4D5600ECF48D /* parrot.png */ = {isa = PBXFileReference; lastKnownFileType = image.png; path = parrot.png; sourceTree = "<group>"; };
		A32BB25F209E4D5600ECF48D /* penguin.png */ = {isa = PBXFileReference; lastKnownFileType = image.png; path = penguin.png; sourceTree = "<group>"; };
		A32BB260209E4D5600ECF48D /* pig.png */ = {isa = PBXFileReference; lastKnownFileType = image.png; path = pig.png; sourceTree = "<group>"; };
		A32BB261209E4D5600ECF48D /* rabbit.png */ = {isa = PBXFileReference; lastKnownFileType = image.png; path = rabbit.png; sourceTree = "<group>"; };
		A32BB262209E4D5600ECF48D /* rhino.png */ = {isa = PBXFileReference; lastKnownFileType = image.png; path = rhino.png; sourceTree = "<group>"; };
		A32BB263209E4D5600ECF48D /* sloth.png */ = {isa = PBXFileReference; lastKnownFileType = image.png; path = sloth.png; sourceTree = "<group>"; };
		A32BB264209E4D5600ECF48D /* snake.png */ = {isa = PBXFileReference; lastKnownFileType = image.png; path = snake.png; sourceTree = "<group>"; };
		A32BB265209E4D5600ECF48D /* walrus.png */ = {isa = PBXFileReference; lastKnownFileType = image.png; path = walrus.png; sourceTree = "<group>"; };
		A32BB266209E4D5600ECF48D /* whale.png */ = {isa = PBXFileReference; lastKnownFileType = image.png; path = whale.png; sourceTree = "<group>"; };
		A32BB267209E4D5600ECF48D /* zebra.png */ = {isa = PBXFileReference; lastKnownFileType = image.png; path = zebra.png; sourceTree = "<group>"; };
		A32BB286209E6E3F00ECF48D /* ground_cake_broken.png */ = {isa = PBXFileReference; lastKnownFileType = image.png; path = ground_cake_broken.png; sourceTree = "<group>"; };
		A32BB287209E6E3F00ECF48D /* ground_cake.png */ = {isa = PBXFileReference; lastKnownFileType = image.png; path = ground_cake.png; sourceTree = "<group>"; };
		A32BB288209E6E3F00ECF48D /* ground_grass_broken.png */ = {isa = PBXFileReference; lastKnownFileType = image.png; path = ground_grass_broken.png; sourceTree = "<group>"; };
		A32BB289209E6E3F00ECF48D /* ground_grass.png */ = {isa = PBXFileReference; lastKnownFileType = image.png; path = ground_grass.png; sourceTree = "<group>"; };
		A32BB28A209E6E3F00ECF48D /* ground_sand_broken.png */ = {isa = PBXFileReference; lastKnownFileType = image.png; path = ground_sand_broken.png; sourceTree = "<group>"; };
		A32BB28B209E6E3F00ECF48D /* ground_sand.png */ = {isa = PBXFileReference; lastKnownFileType = image.png; path = ground_sand.png; sourceTree = "<group>"; };
		A32BB28C209E6E3F00ECF48D /* ground_snow_broken.png */ = {isa = PBXFileReference; lastKnownFileType = image.png; path = ground_snow_broken.png; sourceTree = "<group>"; };
		A32BB28D209E6E3F00ECF48D /* ground_snow.png */ = {isa = PBXFileReference; lastKnownFileType = image.png; path = ground_snow.png; sourceTree = "<group>"; };
		A32BB28E209E6E3F00ECF48D /* ground_stone_broken.png */ = {isa = PBXFileReference; lastKnownFileType = image.png; path = ground_stone_broken.png; sourceTree = "<group>"; };
		A32BB28F209E6E3F00ECF48D /* ground_stone.png */ = {isa = PBXFileReference; lastKnownFileType = image.png; path = ground_stone.png; sourceTree = "<group>"; };
		A32BB290209E6E3F00ECF48D /* ground_wood_broken.png */ = {isa = PBXFileReference; lastKnownFileType = image.png; path = ground_wood_broken.png; sourceTree = "<group>"; };
		A32BB291209E6E3F00ECF48D /* ground_wood.png */ = {isa = PBXFileReference; lastKnownFileType = image.png; path = ground_wood.png; sourceTree = "<group>"; };
		A32BB29E209E7F3A00ECF48D /* bg.png */ = {isa = PBXFileReference; lastKnownFileType = image.png; path = bg.png; sourceTree = "<group>"; };
		A32BB2A0209E84A100ECF48D /* cactus.png */ = {isa = PBXFileReference; lastKnownFileType = image.png; path = cactus.png; sourceTree = "<group>"; };
		A32BB2A2209E853D00ECF48D /* grass.png */ = {isa = PBXFileReference; lastKnownFileType = image.png; path = grass.png; sourceTree = "<group>"; };
		A32BB2A4209E856000ECF48D /* grass_brown.png */ = {isa = PBXFileReference; lastKnownFileType = image.png; path = grass_brown.png; sourceTree = "<group>"; };
		A32BB2A6209E857F00ECF48D /* spike.png */ = {isa = PBXFileReference; lastKnownFileType = image.png; path = spike.png; sourceTree = "<group>"; };
/* End PBXFileReference section */

/* Begin PBXFrameworksBuildPhase section */
		A304AF49209CE92E00E54AD3 /* Frameworks */ = {
			isa = PBXFrameworksBuildPhase;
			buildActionMask = 2147483647;
			files = (
			);
			runOnlyForDeploymentPostprocessing = 0;
		};
/* End PBXFrameworksBuildPhase section */

/* Begin PBXGroup section */
		A304AF43209CE92E00E54AD3 = {
			isa = PBXGroup;
			children = (
				A304AF4E209CE92E00E54AD3 /* BouncyBoye */,
				A304AF4D209CE92E00E54AD3 /* Products */,
			);
			sourceTree = "<group>";
		};
		A304AF4D209CE92E00E54AD3 /* Products */ = {
			isa = PBXGroup;
			children = (
				A304AF4C209CE92E00E54AD3 /* BouncyBoye.app */,
			);
			name = Products;
			sourceTree = "<group>";
		};
		A304AF4E209CE92E00E54AD3 /* BouncyBoye */ = {
			isa = PBXGroup;
			children = (
				A32BB285209E6E2100ECF48D /* Platforms */,
				A32BB24A209E4D4600ECF48D /* Characters */,
				A304AFC0209CEBA500E54AD3 /* Assets.atlas */,
				A304AFBF209CEBA500E54AD3 /* Backgrounds */,
				A304AF5C209CE92F00E54AD3 /* Images.xcassets */,
				A304AF4F209CE92E00E54AD3 /* AppDelegate.swift */,
				A304AF53209CE92F00E54AD3 /* Actions.sks */,
				A304AF55209CE92F00E54AD3 /* GameScene.swift */,
				A304AF57209CE92F00E54AD3 /* GameViewController.swift */,
				A304AF59209CE92F00E54AD3 /* Main.storyboard */,
				A304AF5E209CE92F00E54AD3 /* LaunchScreen.storyboard */,
				A304AF61209CE92F00E54AD3 /* Info.plist */,
				A304AFC6209D08CB00E54AD3 /* Level01.plist */,
				A304AFC4209CFA6300E54AD3 /* GameObjectNode.swift */,
				A304AFC8209D119500E54AD3 /* GameState.swift */,
				A304AFCA209D190E00E54AD3 /* EndGameScene.swift */,
				A32BB2A0209E84A100ECF48D /* cactus.png */,
				A32BB2A2209E853D00ECF48D /* grass.png */,
				A32BB2A4209E856000ECF48D /* grass_brown.png */,
				A32BB2A6209E857F00ECF48D /* spike.png */,
				A32BB29E209E7F3A00ECF48D /* bg.png */,
				A304AFD0209E16DA00E54AD3 /* Ball.png */,
				A304AFD1209E16DA00E54AD3 /* BallSpecial.png */,
			);
			path = BouncyBoye;
			sourceTree = "<group>";
		};
		A32BB24A209E4D4600ECF48D /* Characters */ = {
			isa = PBXGroup;
			children = (
				A304AFCE209E122500E54AD3 /* dog.png */,
				A32BB24B209E4D5600ECF48D /* bear.png */,
				A32BB24C209E4D5600ECF48D /* buffalo.png */,
				A32BB24D209E4D5600ECF48D /* chick.png */,
				A32BB24E209E4D5600ECF48D /* chicken.png */,
				A32BB24F209E4D5600ECF48D /* cow.png */,
				A32BB250209E4D5600ECF48D /* crocodile.png */,
				A32BB251209E4D5600ECF48D /* duck.png */,
				A32BB252209E4D5600ECF48D /* elephant.png */,
				A32BB253209E4D5600ECF48D /* frog.png */,
				A32BB254209E4D5600ECF48D /* giraffe.png */,
				A32BB255209E4D5600ECF48D /* goat.png */,
				A32BB256209E4D5600ECF48D /* gorilla.png */,
				A32BB257209E4D5600ECF48D /* hippo.png */,
				A32BB258209E4D5600ECF48D /* horse.png */,
				A32BB259209E4D5600ECF48D /* monkey.png */,
				A32BB25A209E4D5600ECF48D /* moose.png */,
				A32BB25B209E4D5600ECF48D /* narwhal.png */,
				A32BB25C209E4D5600ECF48D /* owl.png */,
				A32BB25D209E4D5600ECF48D /* panda.png */,
				A32BB25E209E4D5600ECF48D /* parrot.png */,
				A32BB25F209E4D5600ECF48D /* penguin.png */,
				A32BB260209E4D5600ECF48D /* pig.png */,
				A32BB261209E4D5600ECF48D /* rabbit.png */,
				A32BB262209E4D5600ECF48D /* rhino.png */,
				A32BB263209E4D5600ECF48D /* sloth.png */,
				A32BB264209E4D5600ECF48D /* snake.png */,
				A32BB265209E4D5600ECF48D /* walrus.png */,
				A32BB266209E4D5600ECF48D /* whale.png */,
				A32BB267209E4D5600ECF48D /* zebra.png */,
			);
			name = Characters;
			sourceTree = "<group>";
		};
		A32BB285209E6E2100ECF48D /* Platforms */ = {
			isa = PBXGroup;
			children = (
				A32BB286209E6E3F00ECF48D /* ground_cake_broken.png */,
				A32BB287209E6E3F00ECF48D /* ground_cake.png */,
				A32BB288209E6E3F00ECF48D /* ground_grass_broken.png */,
				A32BB289209E6E3F00ECF48D /* ground_grass.png */,
				A32BB28A209E6E3F00ECF48D /* ground_sand_broken.png */,
				A32BB28B209E6E3F00ECF48D /* ground_sand.png */,
				A32BB28C209E6E3F00ECF48D /* ground_snow_broken.png */,
				A32BB28D209E6E3F00ECF48D /* ground_snow.png */,
				A32BB28E209E6E3F00ECF48D /* ground_stone_broken.png */,
				A32BB28F209E6E3F00ECF48D /* ground_stone.png */,
				A32BB290209E6E3F00ECF48D /* ground_wood_broken.png */,
				A32BB291209E6E3F00ECF48D /* ground_wood.png */,
			);
			name = Platforms;
			sourceTree = "<group>";
		};
/* End PBXGroup section */

/* Begin PBXNativeTarget section */
		A304AF4B209CE92E00E54AD3 /* BouncyBoye */ = {
			isa = PBXNativeTarget;
			buildConfigurationList = A304AF64209CE92F00E54AD3 /* Build configuration list for PBXNativeTarget "BouncyBoye" */;
			buildPhases = (
				A304AF48209CE92E00E54AD3 /* Sources */,
				A304AF49209CE92E00E54AD3 /* Frameworks */,
				A304AF4A209CE92E00E54AD3 /* Resources */,
			);
			buildRules = (
			);
			dependencies = (
			);
			name = BouncyBoye;
			productName = BouncyBoye;
			productReference = A304AF4C209CE92E00E54AD3 /* BouncyBoye.app */;
			productType = "com.apple.product-type.application";
		};
/* End PBXNativeTarget section */

/* Begin PBXProject section */
		A304AF44209CE92E00E54AD3 /* Project object */ = {
			isa = PBXProject;
			attributes = {
				LastSwiftUpdateCheck = 0820;
				LastUpgradeCheck = 0820;
				ORGANIZATIONNAME = "Cole Hassett";
				TargetAttributes = {
					A304AF4B209CE92E00E54AD3 = {
						CreatedOnToolsVersion = 8.2.1;
						DevelopmentTeam = FT5TU5KEM8;
						ProvisioningStyle = Automatic;
					};
				};
			};
			buildConfigurationList = A304AF47209CE92E00E54AD3 /* Build configuration list for PBXProject "BouncyBoye" */;
			compatibilityVersion = "Xcode 3.2";
			developmentRegion = English;
			hasScannedForEncodings = 0;
			knownRegions = (
				en,
				Base,
			);
			mainGroup = A304AF43209CE92E00E54AD3;
			productRefGroup = A304AF4D209CE92E00E54AD3 /* Products */;
			projectDirPath = "";
			projectRoot = "";
			targets = (
				A304AF4B209CE92E00E54AD3 /* BouncyBoye */,
			);
		};
/* End PBXProject section */

/* Begin PBXResourcesBuildPhase section */
		A304AF4A209CE92E00E54AD3 /* Resources */ = {
			isa = PBXResourcesBuildPhase;
			buildActionMask = 2147483647;
			files = (
				A304AF5B209CE92F00E54AD3 /* Main.storyboard in Resources */,
				A304AF5D209CE92F00E54AD3 /* Images.xcassets in Resources */,
				A32BB297209E6E3F00ECF48D /* ground_sand.png in Resources */,
				A32BB276209E4D5600ECF48D /* monkey.png in Resources */,
				A32BB293209E6E3F00ECF48D /* ground_cake.png in Resources */,
				A32BB292209E6E3F00ECF48D /* ground_cake_broken.png in Resources */,
				A32BB278209E4D5600ECF48D /* narwhal.png in Resources */,
				A32BB29B209E6E3F00ECF48D /* ground_stone.png in Resources */,
				A32BB299209E6E3F00ECF48D /* ground_snow.png in Resources */,
				A32BB282209E4D5600ECF48D /* walrus.png in Resources */,
				A304AFD3209E16DA00E54AD3 /* BallSpecial.png in Resources */,
				A32BB27E209E4D5600ECF48D /* rabbit.png in Resources */,
				A304AFC7209D08CB00E54AD3 /* Level01.plist in Resources */,
				A32BB26D209E4D5600ECF48D /* crocodile.png in Resources */,
				A32BB2A1209E84A100ECF48D /* cactus.png in Resources */,
				A32BB27F209E4D5600ECF48D /* rhino.png in Resources */,
				A304AF60209CE92F00E54AD3 /* LaunchScreen.storyboard in Resources */,
				A32BB296209E6E3F00ECF48D /* ground_sand_broken.png in Resources */,
				A32BB281209E4D5600ECF48D /* snake.png in Resources */,
				A32BB29A209E6E3F00ECF48D /* ground_stone_broken.png in Resources */,
				A32BB298209E6E3F00ECF48D /* ground_snow_broken.png in Resources */,
				A32BB26F209E4D5600ECF48D /* elephant.png in Resources */,
				A32BB283209E4D5600ECF48D /* whale.png in Resources */,
				A32BB294209E6E3F00ECF48D /* ground_grass_broken.png in Resources */,
				A32BB26A209E4D5600ECF48D /* chick.png in Resources */,
				A32BB273209E4D5600ECF48D /* gorilla.png in Resources */,
				A32BB272209E4D5600ECF48D /* goat.png in Resources */,
				A32BB29C209E6E3F00ECF48D /* ground_wood_broken.png in Resources */,
				A32BB277209E4D5600ECF48D /* moose.png in Resources */,
				A304AFD2209E16DA00E54AD3 /* Ball.png in Resources */,
				A32BB26B209E4D5600ECF48D /* chicken.png in Resources */,
				A32BB27B209E4D5600ECF48D /* parrot.png in Resources */,
				A32BB271209E4D5600ECF48D /* giraffe.png in Resources */,
				A32BB27A209E4D5600ECF48D /* panda.png in Resources */,
				A32BB27C209E4D5600ECF48D /* penguin.png in Resources */,
				A32BB2A3209E853D00ECF48D /* grass.png in Resources */,
				A32BB279209E4D5600ECF48D /* owl.png in Resources */,
				A32BB29D209E6E3F00ECF48D /* ground_wood.png in Resources */,
				A32BB275209E4D5600ECF48D /* horse.png in Resources */,
				A32BB26E209E4D5600ECF48D /* duck.png in Resources */,
				A304AFCF209E122500E54AD3 /* dog.png in Resources */,
				A32BB270209E4D5600ECF48D /* frog.png in Resources */,
				A32BB280209E4D5600ECF48D /* sloth.png in Resources */,
				A32BB295209E6E3F00ECF48D /* ground_grass.png in Resources */,
				A32BB2A5209E856000ECF48D /* grass_brown.png in Resources */,
				A32BB26C209E4D5600ECF48D /* cow.png in Resources */,
				A304AF54209CE92F00E54AD3 /* Actions.sks in Resources */,
				A32BB27D209E4D5600ECF48D /* pig.png in Resources */,
				A32BB274209E4D5600ECF48D /* hippo.png in Resources */,
				A32BB29F209E7F3A00ECF48D /* bg.png in Resources */,
				A32BB268209E4D5600ECF48D /* bear.png in Resources */,
				A32BB2A7209E857F00ECF48D /* spike.png in Resources */,
				A32BB269209E4D5600ECF48D /* buffalo.png in Resources */,
				A304AFC2209CEBA500E54AD3 /* Assets.atlas in Resources */,
				A32BB284209E4D5600ECF48D /* zebra.png in Resources */,
				A304AFC1209CEBA500E54AD3 /* Backgrounds in Resources */,
			);
			runOnlyForDeploymentPostprocessing = 0;
		};
/* End PBXResourcesBuildPhase section */

/* Begin PBXSourcesBuildPhase section */
		A304AF48209CE92E00E54AD3 /* Sources */ = {
			isa = PBXSourcesBuildPhase;
			buildActionMask = 2147483647;
			files = (
				A304AFC3209CF20C00E54AD3 /* GameScene.swift in Sources */,
				A304AF58209CE92F00E54AD3 /* GameViewController.swift in Sources */,
				A304AFC9209D119500E54AD3 /* GameState.swift in Sources */,
				A304AFC5209CFA6300E54AD3 /* GameObjectNode.swift in Sources */,
				A304AFCB209D190E00E54AD3 /* EndGameScene.swift in Sources */,
				A304AF50209CE92E00E54AD3 /* AppDelegate.swift in Sources */,
			);
			runOnlyForDeploymentPostprocessing = 0;
		};
/* End PBXSourcesBuildPhase section */

/* Begin PBXVariantGroup section */
		A304AF59209CE92F00E54AD3 /* Main.storyboard */ = {
			isa = PBXVariantGroup;
			children = (
				A304AF5A209CE92F00E54AD3 /* Base */,
			);
			name = Main.storyboard;
			sourceTree = "<group>";
		};
		A304AF5E209CE92F00E54AD3 /* LaunchScreen.storyboard */ = {
			isa = PBXVariantGroup;
			children = (
				A304AF5F209CE92F00E54AD3 /* Base */,
			);
			name = LaunchScreen.storyboard;
			sourceTree = "<group>";
		};
/* End PBXVariantGroup section */

/* Begin XCBuildConfiguration section */
		A304AF62209CE92F00E54AD3 /* Debug */ = {
			isa = XCBuildConfiguration;
			buildSettings = {
				ALWAYS_SEARCH_USER_PATHS = NO;
				CLANG_ANALYZER_NONNULL = YES;
				CLANG_CXX_LANGUAGE_STANDARD = "gnu++0x";
				CLANG_CXX_LIBRARY = "libc++";
				CLANG_ENABLE_MODULES = YES;
				CLANG_ENABLE_OBJC_ARC = YES;
				CLANG_WARN_BOOL_CONVERSION = YES;
				CLANG_WARN_CONSTANT_CONVERSION = YES;
				CLANG_WARN_DIRECT_OBJC_ISA_USAGE = YES_ERROR;
				CLANG_WARN_DOCUMENTATION_COMMENTS = YES;
				CLANG_WARN_EMPTY_BODY = YES;
				CLANG_WARN_ENUM_CONVERSION = YES;
				CLANG_WARN_INFINITE_RECURSION = YES;
				CLANG_WARN_INT_CONVERSION = YES;
				CLANG_WARN_OBJC_ROOT_CLASS = YES_ERROR;
				CLANG_WARN_SUSPICIOUS_MOVE = YES;
				CLANG_WARN_UNREACHABLE_CODE = YES;
				CLANG_WARN__DUPLICATE_METHOD_MATCH = YES;
				"CODE_SIGN_IDENTITY[sdk=iphoneos*]" = "iPhone Developer";
				COPY_PHASE_STRIP = NO;
				DEBUG_INFORMATION_FORMAT = dwarf;
				ENABLE_STRICT_OBJC_MSGSEND = YES;
				ENABLE_TESTABILITY = YES;
				GCC_C_LANGUAGE_STANDARD = gnu99;
				GCC_DYNAMIC_NO_PIC = NO;
				GCC_NO_COMMON_BLOCKS = YES;
				GCC_OPTIMIZATION_LEVEL = 0;
				GCC_PREPROCESSOR_DEFINITIONS = (
					"DEBUG=1",
					"$(inherited)",
				);
				GCC_WARN_64_TO_32_BIT_CONVERSION = YES;
				GCC_WARN_ABOUT_RETURN_TYPE = YES_ERROR;
				GCC_WARN_UNDECLARED_SELECTOR = YES;
				GCC_WARN_UNINITIALIZED_AUTOS = YES_AGGRESSIVE;
				GCC_WARN_UNUSED_FUNCTION = YES;
				GCC_WARN_UNUSED_VARIABLE = YES;
				IPHONEOS_DEPLOYMENT_TARGET = 10.2;
				MTL_ENABLE_DEBUG_INFO = YES;
				ONLY_ACTIVE_ARCH = YES;
				SDKROOT = iphoneos;
				SWIFT_ACTIVE_COMPILATION_CONDITIONS = DEBUG;
				SWIFT_OPTIMIZATION_LEVEL = "-Onone";
			};
			name = Debug;
		};
		A304AF63209CE92F00E54AD3 /* Release */ = {
			isa = XCBuildConfiguration;
			buildSettings = {
				ALWAYS_SEARCH_USER_PATHS = NO;
				CLANG_ANALYZER_NONNULL = YES;
				CLANG_CXX_LANGUAGE_STANDARD = "gnu++0x";
				CLANG_CXX_LIBRARY = "libc++";
				CLANG_ENABLE_MODULES = YES;
				CLANG_ENABLE_OBJC_ARC = YES;
				CLANG_WARN_BOOL_CONVERSION = YES;
				CLANG_WARN_CONSTANT_CONVERSION = YES;
				CLANG_WARN_DIRECT_OBJC_ISA_USAGE = YES_ERROR;
				CLANG_WARN_DOCUMENTATION_COMMENTS = YES;
				CLANG_WARN_EMPTY_BODY = YES;
				CLANG_WARN_ENUM_CONVERSION = YES;
				CLANG_WARN_INFINITE_RECURSION = YES;
				CLANG_WARN_INT_CONVERSION = YES;
				CLANG_WARN_OBJC_ROOT_CLASS = YES_ERROR;
				CLANG_WARN_SUSPICIOUS_MOVE = YES;
				CLANG_WARN_UNREACHABLE_CODE = YES;
				CLANG_WARN__DUPLICATE_METHOD_MATCH = YES;
				"CODE_SIGN_IDENTITY[sdk=iphoneos*]" = "iPhone Developer";
				COPY_PHASE_STRIP = NO;
				DEBUG_INFORMATION_FORMAT = "dwarf-with-dsym";
				ENABLE_NS_ASSERTIONS = NO;
				ENABLE_STRICT_OBJC_MSGSEND = YES;
				GCC_C_LANGUAGE_STANDARD = gnu99;
				GCC_NO_COMMON_BLOCKS = YES;
				GCC_WARN_64_TO_32_BIT_CONVERSION = YES;
				GCC_WARN_ABOUT_RETURN_TYPE = YES_ERROR;
				GCC_WARN_UNDECLARED_SELECTOR = YES;
				GCC_WARN_UNINITIALIZED_AUTOS = YES_AGGRESSIVE;
				GCC_WARN_UNUSED_FUNCTION = YES;
				GCC_WARN_UNUSED_VARIABLE = YES;
				IPHONEOS_DEPLOYMENT_TARGET = 10.2;
				MTL_ENABLE_DEBUG_INFO = NO;
				SDKROOT = iphoneos;
				SWIFT_OPTIMIZATION_LEVEL = "-Owholemodule";
				VALIDATE_PRODUCT = YES;
			};
			name = Release;
		};
		A304AF65209CE92F00E54AD3 /* Debug */ = {
			isa = XCBuildConfiguration;
			buildSettings = {
				ASSETCATALOG_COMPILER_APPICON_NAME = AppIcon;
				DEVELOPMENT_TEAM = FT5TU5KEM8;
				INFOPLIST_FILE = BouncyBoye/Info.plist;
				IPHONEOS_DEPLOYMENT_TARGET = 10.2;
				LD_RUNPATH_SEARCH_PATHS = "$(inherited) @executable_path/Frameworks";
				PRODUCT_BUNDLE_IDENTIFIER = com.cole.hassett.BouncyBoye;
				PRODUCT_NAME = "$(TARGET_NAME)";
				SWIFT_VERSION = 3.0;
			};
			name = Debug;
		};
		A304AF66209CE92F00E54AD3 /* Release */ = {
			isa = XCBuildConfiguration;
			buildSettings = {
				ASSETCATALOG_COMPILER_APPICON_NAME = AppIcon;
				DEVELOPMENT_TEAM = FT5TU5KEM8;
				INFOPLIST_FILE = BouncyBoye/Info.plist;
				IPHONEOS_DEPLOYMENT_TARGET = 10.2;
				LD_RUNPATH_SEARCH_PATHS = "$(inherited) @executable_path/Frameworks";
				PRODUCT_BUNDLE_IDENTIFIER = com.cole.hassett.BouncyBoye;
				PRODUCT_NAME = "$(TARGET_NAME)";
				SWIFT_VERSION = 3.0;
			};
			name = Release;
		};
/* End XCBuildConfiguration section */

/* Begin XCConfigurationList section */
		A304AF47209CE92E00E54AD3 /* Build configuration list for PBXProject "BouncyBoye" */ = {
			isa = XCConfigurationList;
			buildConfigurations = (
				A304AF62209CE92F00E54AD3 /* Debug */,
				A304AF63209CE92F00E54AD3 /* Release */,
			);
			defaultConfigurationIsVisible = 0;
			defaultConfigurationName = Release;
		};
		A304AF64209CE92F00E54AD3 /* Build configuration list for PBXNativeTarget "BouncyBoye" */ = {
			isa = XCConfigurationList;
			buildConfigurations = (
				A304AF65209CE92F00E54AD3 /* Debug */,
				A304AF66209CE92F00E54AD3 /* Release */,
			);
			defaultConfigurationIsVisible = 0;
			defaultConfigurationName = Release;
		};
/* End XCConfigurationList section */
	};
	rootObject = A304AF44209CE92E00E54AD3 /* Project object */;
}
